// !$*UTF8*$!
{
	archiveVersion = 1;
	classes = {
	};
	objectVersion = 50;
	objects = {

/* Begin PBXBuildFile section */
		883C5A1E22D23CF10040F91B /* AppDelegate.swift in Sources */ = {isa = PBXBuildFile; fileRef = 883C5A1D22D23CF10040F91B /* AppDelegate.swift */; };
		883C5A2022D23CF10040F91B /* ViewController.swift in Sources */ = {isa = PBXBuildFile; fileRef = 883C5A1F22D23CF10040F91B /* ViewController.swift */; };
		883C5A2322D23CF10040F91B /* Main.storyboard in Resources */ = {isa = PBXBuildFile; fileRef = 883C5A2122D23CF10040F91B /* Main.storyboard */; };
		883C5A2522D23CF20040F91B /* Assets.xcassets in Resources */ = {isa = PBXBuildFile; fileRef = 883C5A2422D23CF20040F91B /* Assets.xcassets */; };
		883C5A2822D23CF20040F91B /* LaunchScreen.storyboard in Resources */ = {isa = PBXBuildFile; fileRef = 883C5A2622D23CF20040F91B /* LaunchScreen.storyboard */; };
		883C5A4822D5354F0040F91B /* spain@2x.png in Resources */ = {isa = PBXBuildFile; fileRef = 883C5A3022D5354F0040F91B /* spain@2x.png */; };
		883C5A4922D5354F0040F91B /* nigeria@2x.png in Resources */ = {isa = PBXBuildFile; fileRef = 883C5A3122D5354F0040F91B /* nigeria@2x.png */; };
		883C5A4A22D5354F0040F91B /* nigeria@3x.png in Resources */ = {isa = PBXBuildFile; fileRef = 883C5A3222D5354F0040F91B /* nigeria@3x.png */; };
		883C5A4B22D5354F0040F91B /* spain@3x.png in Resources */ = {isa = PBXBuildFile; fileRef = 883C5A3322D5354F0040F91B /* spain@3x.png */; };
		883C5A4C22D5354F0040F91B /* italy@3x.png in Resources */ = {isa = PBXBuildFile; fileRef = 883C5A3422D5354F0040F91B /* italy@3x.png */; };
		883C5A4D22D5354F0040F91B /* ireland@2x.png in Resources */ = {isa = PBXBuildFile; fileRef = 883C5A3522D5354F0040F91B /* ireland@2x.png */; };
		883C5A4E22D5354F0040F91B /* germany@3x.png in Resources */ = {isa = PBXBuildFile; fileRef = 883C5A3622D5354F0040F91B /* germany@3x.png */; };
		883C5A4F22D5354F0040F91B /* germany@2x.png in Resources */ = {isa = PBXBuildFile; fileRef = 883C5A3722D5354F0040F91B /* germany@2x.png */; };
		883C5A5022D5354F0040F91B /* ireland@3x.png in Resources */ = {isa = PBXBuildFile; fileRef = 883C5A3822D5354F0040F91B /* ireland@3x.png */; };
		883C5A5122D5354F0040F91B /* italy@2x.png in Resources */ = {isa = PBXBuildFile; fileRef = 883C5A3922D5354F0040F91B /* italy@2x.png */; };
		883C5A5222D5354F0040F91B /* poland@2x.png in Resources */ = {isa = PBXBuildFile; fileRef = 883C5A3A22D5354F0040F91B /* poland@2x.png */; };
		883C5A5322D5354F0040F91B /* russia@2x.png in Resources */ = {isa = PBXBuildFile; fileRef = 883C5A3B22D5354F0040F91B /* russia@2x.png */; };
		883C5A5422D5354F0040F91B /* estonia@2x.png in Resources */ = {isa = PBXBuildFile; fileRef = 883C5A3C22D5354F0040F91B /* estonia@2x.png */; };
		883C5A5522D5354F0040F91B /* estonia@3x.png in Resources */ = {isa = PBXBuildFile; fileRef = 883C5A3D22D5354F0040F91B /* estonia@3x.png */; };
		883C5A5622D5354F0040F91B /* russia@3x.png in Resources */ = {isa = PBXBuildFile; fileRef = 883C5A3E22D5354F0040F91B /* russia@3x.png */; };
		883C5A5722D5354F0040F91B /* poland@3x.png in Resources */ = {isa = PBXBuildFile; fileRef = 883C5A3F22D5354F0040F91B /* poland@3x.png */; };
		883C5A5822D5354F0040F91B /* uk@3x.png in Resources */ = {isa = PBXBuildFile; fileRef = 883C5A4022D5354F0040F91B /* uk@3x.png */; };
		883C5A5922D5354F0040F91B /* us@3x.png in Resources */ = {isa = PBXBuildFile; fileRef = 883C5A4122D5354F0040F91B /* us@3x.png */; };
		883C5A5A22D5354F0040F91B /* france@3x.png in Resources */ = {isa = PBXBuildFile; fileRef = 883C5A4222D5354F0040F91B /* france@3x.png */; };
		883C5A5B22D5354F0040F91B /* monaco@2x.png in Resources */ = {isa = PBXBuildFile; fileRef = 883C5A4322D5354F0040F91B /* monaco@2x.png */; };
		883C5A5C22D5354F0040F91B /* monaco@3x.png in Resources */ = {isa = PBXBuildFile; fileRef = 883C5A4422D5354F0040F91B /* monaco@3x.png */; };
		883C5A5D22D5354F0040F91B /* france@2x.png in Resources */ = {isa = PBXBuildFile; fileRef = 883C5A4522D5354F0040F91B /* france@2x.png */; };
		883C5A5E22D5354F0040F91B /* us@2x.png in Resources */ = {isa = PBXBuildFile; fileRef = 883C5A4622D5354F0040F91B /* us@2x.png */; };
		883C5A5F22D5354F0040F91B /* uk@2x.png in Resources */ = {isa = PBXBuildFile; fileRef = 883C5A4722D5354F0040F91B /* uk@2x.png */; };
		883C5A6122D536380040F91B /* DetailViewController.swift in Sources */ = {isa = PBXBuildFile; fileRef = 883C5A6022D536380040F91B /* DetailViewController.swift */; };
/* End PBXBuildFile section */

/* Begin PBXFileReference section */
		883C5A1A22D23CF10040F91B /* WorldFlagsViewer.app */ = {isa = PBXFileReference; explicitFileType = wrapper.application; includeInIndex = 0; path = WorldFlagsViewer.app; sourceTree = BUILT_PRODUCTS_DIR; };
		883C5A1D22D23CF10040F91B /* AppDelegate.swift */ = {isa = PBXFileReference; lastKnownFileType = sourcecode.swift; path = AppDelegate.swift; sourceTree = "<group>"; };
		883C5A1F22D23CF10040F91B /* ViewController.swift */ = {isa = PBXFileReference; lastKnownFileType = sourcecode.swift; path = ViewController.swift; sourceTree = "<group>"; };
		883C5A2222D23CF10040F91B /* Base */ = {isa = PBXFileReference; lastKnownFileType = file.storyboard; name = Base; path = Base.lproj/Main.storyboard; sourceTree = "<group>"; };
		883C5A2422D23CF20040F91B /* Assets.xcassets */ = {isa = PBXFileReference; lastKnownFileType = folder.assetcatalog; path = Assets.xcassets; sourceTree = "<group>"; };
		883C5A2722D23CF20040F91B /* Base */ = {isa = PBXFileReference; lastKnownFileType = file.storyboard; name = Base; path = Base.lproj/LaunchScreen.storyboard; sourceTree = "<group>"; };
		883C5A2922D23CF20040F91B /* Info.plist */ = {isa = PBXFileReference; lastKnownFileType = text.plist.xml; path = Info.plist; sourceTree = "<group>"; };
		883C5A3022D5354F0040F91B /* spain@2x.png */ = {isa = PBXFileReference; lastKnownFileType = image.png; path = "spain@2x.png"; sourceTree = "<group>"; };
		883C5A3122D5354F0040F91B /* nigeria@2x.png */ = {isa = PBXFileReference; lastKnownFileType = image.png; path = "nigeria@2x.png"; sourceTree = "<group>"; };
		883C5A3222D5354F0040F91B /* nigeria@3x.png */ = {isa = PBXFileReference; lastKnownFileType = image.png; path = "nigeria@3x.png"; sourceTree = "<group>"; };
		883C5A3322D5354F0040F91B /* spain@3x.png */ = {isa = PBXFileReference; lastKnownFileType = image.png; path = "spain@3x.png"; sourceTree = "<group>"; };
		883C5A3422D5354F0040F91B /* italy@3x.png */ = {isa = PBXFileReference; lastKnownFileType = image.png; path = "italy@3x.png"; sourceTree = "<group>"; };
		883C5A3522D5354F0040F91B /* ireland@2x.png */ = {isa = PBXFileReference; lastKnownFileType = image.png; path = "ireland@2x.png"; sourceTree = "<group>"; };
		883C5A3622D5354F0040F91B /* germany@3x.png */ = {isa = PBXFileReference; lastKnownFileType = image.png; path = "germany@3x.png"; sourceTree = "<group>"; };
		883C5A3722D5354F0040F91B /* germany@2x.png */ = {isa = PBXFileReference; lastKnownFileType = image.png; path = "germany@2x.png"; sourceTree = "<group>"; };
		883C5A3822D5354F0040F91B /* ireland@3x.png */ = {isa = PBXFileReference; lastKnownFileType = image.png; path = "ireland@3x.png"; sourceTree = "<group>"; };
		883C5A3922D5354F0040F91B /* italy@2x.png */ = {isa = PBXFileReference; lastKnownFileType = image.png; path = "italy@2x.png"; sourceTree = "<group>"; };
		883C5A3A22D5354F0040F91B /* poland@2x.png */ = {isa = PBXFileReference; lastKnownFileType = image.png; path = "poland@2x.png"; sourceTree = "<group>"; };
		883C5A3B22D5354F0040F91B /* russia@2x.png */ = {isa = PBXFileReference; lastKnownFileType = image.png; path = "russia@2x.png"; sourceTree = "<group>"; };
		883C5A3C22D5354F0040F91B /* estonia@2x.png */ = {isa = PBXFileReference; lastKnownFileType = image.png; path = "estonia@2x.png"; sourceTree = "<group>"; };
		883C5A3D22D5354F0040F91B /* estonia@3x.png */ = {isa = PBXFileReference; lastKnownFileType = image.png; path = "estonia@3x.png"; sourceTree = "<group>"; };
		883C5A3E22D5354F0040F91B /* russia@3x.png */ = {isa = PBXFileReference; lastKnownFileType = image.png; path = "russia@3x.png"; sourceTree = "<group>"; };
		883C5A3F22D5354F0040F91B /* poland@3x.png */ = {isa = PBXFileReference; lastKnownFileType = image.png; path = "poland@3x.png"; sourceTree = "<group>"; };
		883C5A4022D5354F0040F91B /* uk@3x.png */ = {isa = PBXFileReference; lastKnownFileType = image.png; path = "uk@3x.png"; sourceTree = "<group>"; };
		883C5A4122D5354F0040F91B /* us@3x.png */ = {isa = PBXFileReference; lastKnownFileType = image.png; path = "us@3x.png"; sourceTree = "<group>"; };
		883C5A4222D5354F0040F91B /* france@3x.png */ = {isa = PBXFileReference; lastKnownFileType = image.png; path = "france@3x.png"; sourceTree = "<group>"; };
		883C5A4322D5354F0040F91B /* monaco@2x.png */ = {isa = PBXFileReference; lastKnownFileType = image.png; path = "monaco@2x.png"; sourceTree = "<group>"; };
		883C5A4422D5354F0040F91B /* monaco@3x.png */ = {isa = PBXFileReference; lastKnownFileType = image.png; path = "monaco@3x.png"; sourceTree = "<group>"; };
		883C5A4522D5354F0040F91B /* france@2x.png */ = {isa = PBXFileReference; lastKnownFileType = image.png; path = "france@2x.png"; sourceTree = "<group>"; };
		883C5A4622D5354F0040F91B /* us@2x.png */ = {isa = PBXFileReference; lastKnownFileType = image.png; path = "us@2x.png"; sourceTree = "<group>"; };
		883C5A4722D5354F0040F91B /* uk@2x.png */ = {isa = PBXFileReference; lastKnownFileType = image.png; path = "uk@2x.png"; sourceTree = "<group>"; };
		883C5A6022D536380040F91B /* DetailViewController.swift */ = {isa = PBXFileReference; lastKnownFileType = sourcecode.swift; path = DetailViewController.swift; sourceTree = "<group>"; };
/* End PBXFileReference section */

/* Begin PBXFrameworksBuildPhase section */
		883C5A1722D23CF10040F91B /* Frameworks */ = {
			isa = PBXFrameworksBuildPhase;
			buildActionMask = 2147483647;
			files = (
			);
			runOnlyForDeploymentPostprocessing = 0;
		};
/* End PBXFrameworksBuildPhase section */

/* Begin PBXGroup section */
		883C5A1122D23CF10040F91B = {
			isa = PBXGroup;
			children = (
				883C5A1C22D23CF10040F91B /* WorldFlagsViewer */,
				883C5A1B22D23CF10040F91B /* Products */,
			);
			sourceTree = "<group>";
		};
		883C5A1B22D23CF10040F91B /* Products */ = {
			isa = PBXGroup;
			children = (
				883C5A1A22D23CF10040F91B /* WorldFlagsViewer.app */,
			);
			name = Products;
			sourceTree = "<group>";
		};
		883C5A1C22D23CF10040F91B /* WorldFlagsViewer */ = {
			isa = PBXGroup;
			children = (
				883C5A1D22D23CF10040F91B /* AppDelegate.swift */,
				883C5A2422D23CF20040F91B /* Assets.xcassets */,
				883C5A6022D536380040F91B /* DetailViewController.swift */,
				883C5A2F22D5354F0040F91B /* Flags */,
				883C5A2922D23CF20040F91B /* Info.plist */,
				883C5A2622D23CF20040F91B /* LaunchScreen.storyboard */,
				883C5A2122D23CF10040F91B /* Main.storyboard */,
				883C5A1F22D23CF10040F91B /* ViewController.swift */,
			);
			path = WorldFlagsViewer;
			sourceTree = "<group>";
		};
		883C5A2F22D5354F0040F91B /* Flags */ = {
			isa = PBXGroup;
			children = (
				883C5A3022D5354F0040F91B /* spain@2x.png */,
				883C5A3122D5354F0040F91B /* nigeria@2x.png */,
				883C5A3222D5354F0040F91B /* nigeria@3x.png */,
				883C5A3322D5354F0040F91B /* spain@3x.png */,
				883C5A3422D5354F0040F91B /* italy@3x.png */,
				883C5A3522D5354F0040F91B /* ireland@2x.png */,
				883C5A3622D5354F0040F91B /* germany@3x.png */,
				883C5A3722D5354F0040F91B /* germany@2x.png */,
				883C5A3822D5354F0040F91B /* ireland@3x.png */,
				883C5A3922D5354F0040F91B /* italy@2x.png */,
				883C5A3A22D5354F0040F91B /* poland@2x.png */,
				883C5A3B22D5354F0040F91B /* russia@2x.png */,
				883C5A3C22D5354F0040F91B /* estonia@2x.png */,
				883C5A3D22D5354F0040F91B /* estonia@3x.png */,
				883C5A3E22D5354F0040F91B /* russia@3x.png */,
				883C5A3F22D5354F0040F91B /* poland@3x.png */,
				883C5A4022D5354F0040F91B /* uk@3x.png */,
				883C5A4122D5354F0040F91B /* us@3x.png */,
				883C5A4222D5354F0040F91B /* france@3x.png */,
				883C5A4322D5354F0040F91B /* monaco@2x.png */,
				883C5A4422D5354F0040F91B /* monaco@3x.png */,
				883C5A4522D5354F0040F91B /* france@2x.png */,
				883C5A4622D5354F0040F91B /* us@2x.png */,
				883C5A4722D5354F0040F91B /* uk@2x.png */,
			);
			path = Flags;
			sourceTree = "<group>";
		};
/* End PBXGroup section */

/* Begin PBXNativeTarget section */
		883C5A1922D23CF10040F91B /* WorldFlagsViewer */ = {
			isa = PBXNativeTarget;
			buildConfigurationList = 883C5A2C22D23CF20040F91B /* Build configuration list for PBXNativeTarget "WorldFlagsViewer" */;
			buildPhases = (
				883C5A1622D23CF10040F91B /* Sources */,
				883C5A1722D23CF10040F91B /* Frameworks */,
				883C5A1822D23CF10040F91B /* Resources */,
			);
			buildRules = (
			);
			dependencies = (
			);
			name = WorldFlagsViewer;
			productName = WorldFlagsViewer;
			productReference = 883C5A1A22D23CF10040F91B /* WorldFlagsViewer.app */;
			productType = "com.apple.product-type.application";
		};
/* End PBXNativeTarget section */

/* Begin PBXProject section */
		883C5A1222D23CF10040F91B /* Project object */ = {
			isa = PBXProject;
			attributes = {
				LastSwiftUpdateCheck = 1020;
				LastUpgradeCheck = 1020;
				ORGANIZATIONNAME = "Mindwarp Consultancy Ltd";
				TargetAttributes = {
					883C5A1922D23CF10040F91B = {
						CreatedOnToolsVersion = 10.2.1;
					};
				};
			};
			buildConfigurationList = 883C5A1522D23CF10040F91B /* Build configuration list for PBXProject "WorldFlagsViewer" */;
			compatibilityVersion = "Xcode 9.3";
			developmentRegion = en;
			hasScannedForEncodings = 0;
			knownRegions = (
				en,
				Base,
			);
			mainGroup = 883C5A1122D23CF10040F91B;
			productRefGroup = 883C5A1B22D23CF10040F91B /* Products */;
			projectDirPath = "";
			projectRoot = "";
			targets = (
				883C5A1922D23CF10040F91B /* WorldFlagsViewer */,
			);
		};
/* End PBXProject section */

/* Begin PBXResourcesBuildPhase section */
		883C5A1822D23CF10040F91B /* Resources */ = {
			isa = PBXResourcesBuildPhase;
			buildActionMask = 2147483647;
			files = (
				883C5A5C22D5354F0040F91B /* monaco@3x.png in Resources */,
				883C5A4922D5354F0040F91B /* nigeria@2x.png in Resources */,
				883C5A5E22D5354F0040F91B /* us@2x.png in Resources */,
				883C5A4A22D5354F0040F91B /* nigeria@3x.png in Resources */,
				883C5A5722D5354F0040F91B /* poland@3x.png in Resources */,
				883C5A5822D5354F0040F91B /* uk@3x.png in Resources */,
				883C5A5D22D5354F0040F91B /* france@2x.png in Resources */,
				883C5A5122D5354F0040F91B /* italy@2x.png in Resources */,
				883C5A4822D5354F0040F91B /* spain@2x.png in Resources */,
				883C5A4E22D5354F0040F91B /* germany@3x.png in Resources */,
				883C5A2822D23CF20040F91B /* LaunchScreen.storyboard in Resources */,
				883C5A5222D5354F0040F91B /* poland@2x.png in Resources */,
				883C5A2522D23CF20040F91B /* Assets.xcassets in Resources */,
				883C5A4C22D5354F0040F91B /* italy@3x.png in Resources */,
				883C5A5522D5354F0040F91B /* estonia@3x.png in Resources */,
				883C5A5B22D5354F0040F91B /* monaco@2x.png in Resources */,
				883C5A2322D23CF10040F91B /* Main.storyboard in Resources */,
				883C5A4D22D5354F0040F91B /* ireland@2x.png in Resources */,
				883C5A4F22D5354F0040F91B /* germany@2x.png in Resources */,
				883C5A5922D5354F0040F91B /* us@3x.png in Resources */,
				883C5A4B22D5354F0040F91B /* spain@3x.png in Resources */,
				883C5A5322D5354F0040F91B /* russia@2x.png in Resources */,
				883C5A5422D5354F0040F91B /* estonia@2x.png in Resources */,
				883C5A5622D5354F0040F91B /* russia@3x.png in Resources */,
				883C5A5F22D5354F0040F91B /* uk@2x.png in Resources */,
				883C5A5A22D5354F0040F91B /* france@3x.png in Resources */,
				883C5A5022D5354F0040F91B /* ireland@3x.png in Resources */,
			);
			runOnlyForDeploymentPostprocessing = 0;
		};
/* End PBXResourcesBuildPhase section */

/* Begin PBXSourcesBuildPhase section */
		883C5A1622D23CF10040F91B /* Sources */ = {
			isa = PBXSourcesBuildPhase;
			buildActionMask = 2147483647;
			files = (
				883C5A6122D536380040F91B /* DetailViewController.swift in Sources */,
				883C5A2022D23CF10040F91B /* ViewController.swift in Sources */,
				883C5A1E22D23CF10040F91B /* AppDelegate.swift in Sources */,
			);
			runOnlyForDeploymentPostprocessing = 0;
		};
/* End PBXSourcesBuildPhase section */

/* Begin PBXVariantGroup section */
		883C5A2122D23CF10040F91B /* Main.storyboard */ = {
			isa = PBXVariantGroup;
			children = (
				883C5A2222D23CF10040F91B /* Base */,
			);
			name = Main.storyboard;
			sourceTree = "<group>";
		};
		883C5A2622D23CF20040F91B /* LaunchScreen.storyboard */ = {
			isa = PBXVariantGroup;
			children = (
				883C5A2722D23CF20040F91B /* Base */,
			);
			name = LaunchScreen.storyboard;
			sourceTree = "<group>";
		};
/* End PBXVariantGroup section */

/* Begin XCBuildConfiguration section */
		883C5A2A22D23CF20040F91B /* Debug */ = {
			isa = XCBuildConfiguration;
			buildSettings = {
				ALWAYS_SEARCH_USER_PATHS = NO;
				CLANG_ANALYZER_NONNULL = YES;
				CLANG_ANALYZER_NUMBER_OBJECT_CONVERSION = YES_AGGRESSIVE;
				CLANG_CXX_LANGUAGE_STANDARD = "gnu++14";
				CLANG_CXX_LIBRARY = "libc++";
				CLANG_ENABLE_MODULES = YES;
				CLANG_ENABLE_OBJC_ARC = YES;
				CLANG_ENABLE_OBJC_WEAK = YES;
				CLANG_WARN_BLOCK_CAPTURE_AUTORELEASING = YES;
				CLANG_WARN_BOOL_CONVERSION = YES;
				CLANG_WARN_COMMA = YES;
				CLANG_WARN_CONSTANT_CONVERSION = YES;
				CLANG_WARN_DEPRECATED_OBJC_IMPLEMENTATIONS = YES;
				CLANG_WARN_DIRECT_OBJC_ISA_USAGE = YES_ERROR;
				CLANG_WARN_DOCUMENTATION_COMMENTS = YES;
				CLANG_WARN_EMPTY_BODY = YES;
				CLANG_WARN_ENUM_CONVERSION = YES;
				CLANG_WARN_INFINITE_RECURSION = YES;
				CLANG_WARN_INT_CONVERSION = YES;
				CLANG_WARN_NON_LITERAL_NULL_CONVERSION = YES;
				CLANG_WARN_OBJC_IMPLICIT_RETAIN_SELF = YES;
				CLANG_WARN_OBJC_LITERAL_CONVERSION = YES;
				CLANG_WARN_OBJC_ROOT_CLASS = YES_ERROR;
				CLANG_WARN_RANGE_LOOP_ANALYSIS = YES;
				CLANG_WARN_STRICT_PROTOTYPES = YES;
				CLANG_WARN_SUSPICIOUS_MOVE = YES;
				CLANG_WARN_UNGUARDED_AVAILABILITY = YES_AGGRESSIVE;
				CLANG_WARN_UNREACHABLE_CODE = YES;
				CLANG_WARN__DUPLICATE_METHOD_MATCH = YES;
				CODE_SIGN_IDENTITY = "iPhone Developer";
				COPY_PHASE_STRIP = NO;
				DEBUG_INFORMATION_FORMAT = dwarf;
				ENABLE_STRICT_OBJC_MSGSEND = YES;
				ENABLE_TESTABILITY = YES;
				GCC_C_LANGUAGE_STANDARD = gnu11;
				GCC_DYNAMIC_NO_PIC = NO;
				GCC_NO_COMMON_BLOCKS = YES;
				GCC_OPTIMIZATION_LEVEL = 0;
				GCC_PREPROCESSOR_DEFINITIONS = (
					"DEBUG=1",
					"$(inherited)",
				);
				GCC_WARN_64_TO_32_BIT_CONVERSION = YES;
				GCC_WARN_ABOUT_RETURN_TYPE = YES_ERROR;
				GCC_WARN_UNDECLARED_SELECTOR = YES;
				GCC_WARN_UNINITIALIZED_AUTOS = YES_AGGRESSIVE;
				GCC_WARN_UNUSED_FUNCTION = YES;
				GCC_WARN_UNUSED_VARIABLE = YES;
				IPHONEOS_DEPLOYMENT_TARGET = 12.2;
				MTL_ENABLE_DEBUG_INFO = INCLUDE_SOURCE;
				MTL_FAST_MATH = YES;
				ONLY_ACTIVE_ARCH = YES;
				SDKROOT = iphoneos;
				SWIFT_ACTIVE_COMPILATION_CONDITIONS = DEBUG;
				SWIFT_OPTIMIZATION_LEVEL = "-Onone";
			};
			name = Debug;
		};
		883C5A2B22D23CF20040F91B /* Release */ = {
			isa = XCBuildConfiguration;
			buildSettings = {
				ALWAYS_SEARCH_USER_PATHS = NO;
				CLANG_ANALYZER_NONNULL = YES;
				CLANG_ANALYZER_NUMBER_OBJECT_CONVERSION = YES_AGGRESSIVE;
				CLANG_CXX_LANGUAGE_STANDARD = "gnu++14";
				CLANG_CXX_LIBRARY = "libc++";
				CLANG_ENABLE_MODULES = YES;
				CLANG_ENABLE_OBJC_ARC = YES;
				CLANG_ENABLE_OBJC_WEAK = YES;
				CLANG_WARN_BLOCK_CAPTURE_AUTORELEASING = YES;
				CLANG_WARN_BOOL_CONVERSION = YES;
				CLANG_WARN_COMMA = YES;
				CLANG_WARN_CONSTANT_CONVERSION = YES;
				CLANG_WARN_DEPRECATED_OBJC_IMPLEMENTATIONS = YES;
				CLANG_WARN_DIRECT_OBJC_ISA_USAGE = YES_ERROR;
				CLANG_WARN_DOCUMENTATION_COMMENTS = YES;
				CLANG_WARN_EMPTY_BODY = YES;
				CLANG_WARN_ENUM_CONVERSION = YES;
				CLANG_WARN_INFINITE_RECURSION = YES;
				CLANG_WARN_INT_CONVERSION = YES;
				CLANG_WARN_NON_LITERAL_NULL_CONVERSION = YES;
				CLANG_WARN_OBJC_IMPLICIT_RETAIN_SELF = YES;
				CLANG_WARN_OBJC_LITERAL_CONVERSION = YES;
				CLANG_WARN_OBJC_ROOT_CLASS = YES_ERROR;
				CLANG_WARN_RANGE_LOOP_ANALYSIS = YES;
				CLANG_WARN_STRICT_PROTOTYPES = YES;
				CLANG_WARN_SUSPICIOUS_MOVE = YES;
				CLANG_WARN_UNGUARDED_AVAILABILITY = YES_AGGRESSIVE;
				CLANG_WARN_UNREACHABLE_CODE = YES;
				CLANG_WARN__DUPLICATE_METHOD_MATCH = YES;
				CODE_SIGN_IDENTITY = "iPhone Developer";
				COPY_PHASE_STRIP = NO;
				DEBUG_INFORMATION_FORMAT = "dwarf-with-dsym";
				ENABLE_NS_ASSERTIONS = NO;
				ENABLE_STRICT_OBJC_MSGSEND = YES;
				GCC_C_LANGUAGE_STANDARD = gnu11;
				GCC_NO_COMMON_BLOCKS = YES;
				GCC_WARN_64_TO_32_BIT_CONVERSION = YES;
				GCC_WARN_ABOUT_RETURN_TYPE = YES_ERROR;
				GCC_WARN_UNDECLARED_SELECTOR = YES;
				GCC_WARN_UNINITIALIZED_AUTOS = YES_AGGRESSIVE;
				GCC_WARN_UNUSED_FUNCTION = YES;
				GCC_WARN_UNUSED_VARIABLE = YES;
				IPHONEOS_DEPLOYMENT_TARGET = 12.2;
				MTL_ENABLE_DEBUG_INFO = NO;
				MTL_FAST_MATH = YES;
				SDKROOT = iphoneos;
				SWIFT_COMPILATION_MODE = wholemodule;
				SWIFT_OPTIMIZATION_LEVEL = "-O";
				VALIDATE_PRODUCT = YES;
			};
			name = Release;
		};
		883C5A2D22D23CF20040F91B /* Debug */ = {
			isa = XCBuildConfiguration;
			buildSettings = {
				ASSETCATALOG_COMPILER_APPICON_NAME = AppIcon;
				CODE_SIGN_STYLE = Automatic;
				DEVELOPMENT_TEAM = M3R45325T7;
				INFOPLIST_FILE = WorldFlagsViewer/Info.plist;
				LD_RUNPATH_SEARCH_PATHS = (
					"$(inherited)",
					"@executable_path/Frameworks",
				);
				PRODUCT_BUNDLE_IDENTIFIER = com.mclapps.WorldFlagsViewer;
				PRODUCT_NAME = "$(TARGET_NAME)";
				SWIFT_VERSION = 5.0;
				TARGETED_DEVICE_FAMILY = "1,2";
			};
			name = Debug;
		};
		883C5A2E22D23CF20040F91B /* Release */ = {
			isa = XCBuildConfiguration;
			buildSettings = {
				ASSETCATALOG_COMPILER_APPICON_NAME = AppIcon;
				CODE_SIGN_STYLE = Automatic;
				DEVELOPMENT_TEAM = M3R45325T7;
				INFOPLIST_FILE = WorldFlagsViewer/Info.plist;
				LD_RUNPATH_SEARCH_PATHS = (
					"$(inherited)",
					"@executable_path/Frameworks",
				);
				PRODUCT_BUNDLE_IDENTIFIER = com.mclapps.WorldFlagsViewer;
				PRODUCT_NAME = "$(TARGET_NAME)";
				SWIFT_VERSION = 5.0;
				TARGETED_DEVICE_FAMILY = "1,2";
			};
			name = Release;
		};
/* End XCBuildConfiguration section */

/* Begin XCConfigurationList section */
		883C5A1522D23CF10040F91B /* Build configuration list for PBXProject "WorldFlagsViewer" */ = {
			isa = XCConfigurationList;
			buildConfigurations = (
				883C5A2A22D23CF20040F91B /* Debug */,
				883C5A2B22D23CF20040F91B /* Release */,
			);
			defaultConfigurationIsVisible = 0;
			defaultConfigurationName = Release;
		};
		883C5A2C22D23CF20040F91B /* Build configuration list for PBXNativeTarget "WorldFlagsViewer" */ = {
			isa = XCConfigurationList;
			buildConfigurations = (
				883C5A2D22D23CF20040F91B /* Debug */,
				883C5A2E22D23CF20040F91B /* Release */,
			);
			defaultConfigurationIsVisible = 0;
			defaultConfigurationName = Release;
		};
/* End XCConfigurationList section */
	};
	rootObject = 883C5A1222D23CF10040F91B /* Project object */;
}
