// !$*UTF8*$!
{
	archiveVersion = 1;
	classes = {
	};
	objectVersion = 50;
	objects = {

/* Begin PBXBuildFile section */
		889EAF89231854DF00A74D55 /* AppDelegate.swift in Sources */ = {isa = PBXBuildFile; fileRef = 889EAF88231854DF00A74D55 /* AppDelegate.swift */; };
		889EAF8B231854DF00A74D55 /* ViewController.swift in Sources */ = {isa = PBXBuildFile; fileRef = 889EAF8A231854DF00A74D55 /* ViewController.swift */; };
		889EAF8E231854DF00A74D55 /* Main.storyboard in Resources */ = {isa = PBXBuildFile; fileRef = 889EAF8C231854DF00A74D55 /* Main.storyboard */; };
		889EAF90231854E000A74D55 /* Assets.xcassets in Resources */ = {isa = PBXBuildFile; fileRef = 889EAF8F231854E000A74D55 /* Assets.xcassets */; };
		889EAF93231854E000A74D55 /* LaunchScreen.storyboard in Resources */ = {isa = PBXBuildFile; fileRef = 889EAF91231854E000A74D55 /* LaunchScreen.storyboard */; };
		889EAF9C23185A7300A74D55 /* KeychainItemAccessibility.swift in Sources */ = {isa = PBXBuildFile; fileRef = 889EAF9A23185A7200A74D55 /* KeychainItemAccessibility.swift */; };
		889EAF9D23185A7300A74D55 /* KeychainWrapper.swift in Sources */ = {isa = PBXBuildFile; fileRef = 889EAF9B23185A7200A74D55 /* KeychainWrapper.swift */; };
/* End PBXBuildFile section */

/* Begin PBXFileReference section */
		889EAF85231854DF00A74D55 /* SecretSwift.app */ = {isa = PBXFileReference; explicitFileType = wrapper.application; includeInIndex = 0; path = SecretSwift.app; sourceTree = BUILT_PRODUCTS_DIR; };
		889EAF88231854DF00A74D55 /* AppDelegate.swift */ = {isa = PBXFileReference; lastKnownFileType = sourcecode.swift; path = AppDelegate.swift; sourceTree = "<group>"; };
		889EAF8A231854DF00A74D55 /* ViewController.swift */ = {isa = PBXFileReference; lastKnownFileType = sourcecode.swift; path = ViewController.swift; sourceTree = "<group>"; };
		889EAF8D231854DF00A74D55 /* Base */ = {isa = PBXFileReference; lastKnownFileType = file.storyboard; name = Base; path = Base.lproj/Main.storyboard; sourceTree = "<group>"; };
		889EAF8F231854E000A74D55 /* Assets.xcassets */ = {isa = PBXFileReference; lastKnownFileType = folder.assetcatalog; path = Assets.xcassets; sourceTree = "<group>"; };
		889EAF92231854E000A74D55 /* Base */ = {isa = PBXFileReference; lastKnownFileType = file.storyboard; name = Base; path = Base.lproj/LaunchScreen.storyboard; sourceTree = "<group>"; };
		889EAF94231854E000A74D55 /* Info.plist */ = {isa = PBXFileReference; lastKnownFileType = text.plist.xml; path = Info.plist; sourceTree = "<group>"; };
		889EAF9A23185A7200A74D55 /* KeychainItemAccessibility.swift */ = {isa = PBXFileReference; fileEncoding = 4; lastKnownFileType = sourcecode.swift; path = KeychainItemAccessibility.swift; sourceTree = "<group>"; };
		889EAF9B23185A7200A74D55 /* KeychainWrapper.swift */ = {isa = PBXFileReference; fileEncoding = 4; lastKnownFileType = sourcecode.swift; path = KeychainWrapper.swift; sourceTree = "<group>"; };
/* End PBXFileReference section */

/* Begin PBXFrameworksBuildPhase section */
		889EAF82231854DF00A74D55 /* Frameworks */ = {
			isa = PBXFrameworksBuildPhase;
			buildActionMask = 2147483647;
			files = (
			);
			runOnlyForDeploymentPostprocessing = 0;
		};
/* End PBXFrameworksBuildPhase section */

/* Begin PBXGroup section */
		889EAF7C231854DF00A74D55 = {
			isa = PBXGroup;
			children = (
				889EAF87231854DF00A74D55 /* SecretSwift */,
				889EAF86231854DF00A74D55 /* Products */,
			);
			sourceTree = "<group>";
		};
		889EAF86231854DF00A74D55 /* Products */ = {
			isa = PBXGroup;
			children = (
				889EAF85231854DF00A74D55 /* SecretSwift.app */,
			);
			name = Products;
			sourceTree = "<group>";
		};
		889EAF87231854DF00A74D55 /* SecretSwift */ = {
			isa = PBXGroup;
			children = (
				889EAF88231854DF00A74D55 /* AppDelegate.swift */,
				889EAF8A231854DF00A74D55 /* ViewController.swift */,
				889EAF8C231854DF00A74D55 /* Main.storyboard */,
				889EAF8F231854E000A74D55 /* Assets.xcassets */,
				889EAF91231854E000A74D55 /* LaunchScreen.storyboard */,
				889EAF94231854E000A74D55 /* Info.plist */,
				889EAF9A23185A7200A74D55 /* KeychainItemAccessibility.swift */,
				889EAF9B23185A7200A74D55 /* KeychainWrapper.swift */,
			);
			path = SecretSwift;
			sourceTree = "<group>";
		};
/* End PBXGroup section */

/* Begin PBXNativeTarget section */
		889EAF84231854DF00A74D55 /* SecretSwift */ = {
			isa = PBXNativeTarget;
			buildConfigurationList = 889EAF97231854E000A74D55 /* Build configuration list for PBXNativeTarget "SecretSwift" */;
			buildPhases = (
				889EAF81231854DF00A74D55 /* Sources */,
				889EAF82231854DF00A74D55 /* Frameworks */,
				889EAF83231854DF00A74D55 /* Resources */,
			);
			buildRules = (
			);
			dependencies = (
			);
			name = SecretSwift;
			productName = SecretSwift;
			productReference = 889EAF85231854DF00A74D55 /* SecretSwift.app */;
			productType = "com.apple.product-type.application";
		};
/* End PBXNativeTarget section */

/* Begin PBXProject section */
		889EAF7D231854DF00A74D55 /* Project object */ = {
			isa = PBXProject;
			attributes = {
				LastSwiftUpdateCheck = 1020;
				LastUpgradeCheck = 1020;
				ORGANIZATIONNAME = "Mindwarp Consultancy Ltd";
				TargetAttributes = {
					889EAF84231854DF00A74D55 = {
						CreatedOnToolsVersion = 10.2.1;
					};
				};
			};
			buildConfigurationList = 889EAF80231854DF00A74D55 /* Build configuration list for PBXProject "SecretSwift" */;
			compatibilityVersion = "Xcode 9.3";
			developmentRegion = en;
			hasScannedForEncodings = 0;
			knownRegions = (
				en,
				Base,
			);
			mainGroup = 889EAF7C231854DF00A74D55;
			productRefGroup = 889EAF86231854DF00A74D55 /* Products */;
			projectDirPath = "";
			projectRoot = "";
			targets = (
				889EAF84231854DF00A74D55 /* SecretSwift */,
			);
		};
/* End PBXProject section */

/* Begin PBXResourcesBuildPhase section */
		889EAF83231854DF00A74D55 /* Resources */ = {
			isa = PBXResourcesBuildPhase;
			buildActionMask = 2147483647;
			files = (
				889EAF93231854E000A74D55 /* LaunchScreen.storyboard in Resources */,
				889EAF90231854E000A74D55 /* Assets.xcassets in Resources */,
				889EAF8E231854DF00A74D55 /* Main.storyboard in Resources */,
			);
			runOnlyForDeploymentPostprocessing = 0;
		};
/* End PBXResourcesBuildPhase section */

/* Begin PBXSourcesBuildPhase section */
		889EAF81231854DF00A74D55 /* Sources */ = {
			isa = PBXSourcesBuildPhase;
			buildActionMask = 2147483647;
			files = (
				889EAF8B231854DF00A74D55 /* ViewController.swift in Sources */,
				889EAF9D23185A7300A74D55 /* KeychainWrapper.swift in Sources */,
				889EAF89231854DF00A74D55 /* AppDelegate.swift in Sources */,
				889EAF9C23185A7300A74D55 /* KeychainItemAccessibility.swift in Sources */,
			);
			runOnlyForDeploymentPostprocessing = 0;
		};
/* End PBXSourcesBuildPhase section */

/* Begin PBXVariantGroup section */
		889EAF8C231854DF00A74D55 /* Main.storyboard */ = {
			isa = PBXVariantGroup;
			children = (
				889EAF8D231854DF00A74D55 /* Base */,
			);
			name = Main.storyboard;
			sourceTree = "<group>";
		};
		889EAF91231854E000A74D55 /* LaunchScreen.storyboard */ = {
			isa = PBXVariantGroup;
			children = (
				889EAF92231854E000A74D55 /* Base */,
			);
			name = LaunchScreen.storyboard;
			sourceTree = "<group>";
		};
/* End PBXVariantGroup section */

/* Begin XCBuildConfiguration section */
		889EAF95231854E000A74D55 /* Debug */ = {
			isa = XCBuildConfiguration;
			buildSettings = {
				ALWAYS_SEARCH_USER_PATHS = NO;
				CLANG_ANALYZER_NONNULL = YES;
				CLANG_ANALYZER_NUMBER_OBJECT_CONVERSION = YES_AGGRESSIVE;
				CLANG_CXX_LANGUAGE_STANDARD = "gnu++14";
				CLANG_CXX_LIBRARY = "libc++";
				CLANG_ENABLE_MODULES = YES;
				CLANG_ENABLE_OBJC_ARC = YES;
				CLANG_ENABLE_OBJC_WEAK = YES;
				CLANG_WARN_BLOCK_CAPTURE_AUTORELEASING = YES;
				CLANG_WARN_BOOL_CONVERSION = YES;
				CLANG_WARN_COMMA = YES;
				CLANG_WARN_CONSTANT_CONVERSION = YES;
				CLANG_WARN_DEPRECATED_OBJC_IMPLEMENTATIONS = YES;
				CLANG_WARN_DIRECT_OBJC_ISA_USAGE = YES_ERROR;
				CLANG_WARN_DOCUMENTATION_COMMENTS = YES;
				CLANG_WARN_EMPTY_BODY = YES;
				CLANG_WARN_ENUM_CONVERSION = YES;
				CLANG_WARN_INFINITE_RECURSION = YES;
				CLANG_WARN_INT_CONVERSION = YES;
				CLANG_WARN_NON_LITERAL_NULL_CONVERSION = YES;
				CLANG_WARN_OBJC_IMPLICIT_RETAIN_SELF = YES;
				CLANG_WARN_OBJC_LITERAL_CONVERSION = YES;
				CLANG_WARN_OBJC_ROOT_CLASS = YES_ERROR;
				CLANG_WARN_RANGE_LOOP_ANALYSIS = YES;
				CLANG_WARN_STRICT_PROTOTYPES = YES;
				CLANG_WARN_SUSPICIOUS_MOVE = YES;
				CLANG_WARN_UNGUARDED_AVAILABILITY = YES_AGGRESSIVE;
				CLANG_WARN_UNREACHABLE_CODE = YES;
				CLANG_WARN__DUPLICATE_METHOD_MATCH = YES;
				CODE_SIGN_IDENTITY = "iPhone Developer";
				COPY_PHASE_STRIP = NO;
				DEBUG_INFORMATION_FORMAT = dwarf;
				ENABLE_STRICT_OBJC_MSGSEND = YES;
				ENABLE_TESTABILITY = YES;
				GCC_C_LANGUAGE_STANDARD = gnu11;
				GCC_DYNAMIC_NO_PIC = NO;
				GCC_NO_COMMON_BLOCKS = YES;
				GCC_OPTIMIZATION_LEVEL = 0;
				GCC_PREPROCESSOR_DEFINITIONS = (
					"DEBUG=1",
					"$(inherited)",
				);
				GCC_WARN_64_TO_32_BIT_CONVERSION = YES;
				GCC_WARN_ABOUT_RETURN_TYPE = YES_ERROR;
				GCC_WARN_UNDECLARED_SELECTOR = YES;
				GCC_WARN_UNINITIALIZED_AUTOS = YES_AGGRESSIVE;
				GCC_WARN_UNUSED_FUNCTION = YES;
				GCC_WARN_UNUSED_VARIABLE = YES;
				IPHONEOS_DEPLOYMENT_TARGET = 12.2;
				MTL_ENABLE_DEBUG_INFO = INCLUDE_SOURCE;
				MTL_FAST_MATH = YES;
				ONLY_ACTIVE_ARCH = YES;
				SDKROOT = iphoneos;
				SWIFT_ACTIVE_COMPILATION_CONDITIONS = DEBUG;
				SWIFT_OPTIMIZATION_LEVEL = "-Onone";
			};
			name = Debug;
		};
		889EAF96231854E000A74D55 /* Release */ = {
			isa = XCBuildConfiguration;
			buildSettings = {
				ALWAYS_SEARCH_USER_PATHS = NO;
				CLANG_ANALYZER_NONNULL = YES;
				CLANG_ANALYZER_NUMBER_OBJECT_CONVERSION = YES_AGGRESSIVE;
				CLANG_CXX_LANGUAGE_STANDARD = "gnu++14";
				CLANG_CXX_LIBRARY = "libc++";
				CLANG_ENABLE_MODULES = YES;
				CLANG_ENABLE_OBJC_ARC = YES;
				CLANG_ENABLE_OBJC_WEAK = YES;
				CLANG_WARN_BLOCK_CAPTURE_AUTORELEASING = YES;
				CLANG_WARN_BOOL_CONVERSION = YES;
				CLANG_WARN_COMMA = YES;
				CLANG_WARN_CONSTANT_CONVERSION = YES;
				CLANG_WARN_DEPRECATED_OBJC_IMPLEMENTATIONS = YES;
				CLANG_WARN_DIRECT_OBJC_ISA_USAGE = YES_ERROR;
				CLANG_WARN_DOCUMENTATION_COMMENTS = YES;
				CLANG_WARN_EMPTY_BODY = YES;
				CLANG_WARN_ENUM_CONVERSION = YES;
				CLANG_WARN_INFINITE_RECURSION = YES;
				CLANG_WARN_INT_CONVERSION = YES;
				CLANG_WARN_NON_LITERAL_NULL_CONVERSION = YES;
				CLANG_WARN_OBJC_IMPLICIT_RETAIN_SELF = YES;
				CLANG_WARN_OBJC_LITERAL_CONVERSION = YES;
				CLANG_WARN_OBJC_ROOT_CLASS = YES_ERROR;
				CLANG_WARN_RANGE_LOOP_ANALYSIS = YES;
				CLANG_WARN_STRICT_PROTOTYPES = YES;
				CLANG_WARN_SUSPICIOUS_MOVE = YES;
				CLANG_WARN_UNGUARDED_AVAILABILITY = YES_AGGRESSIVE;
				CLANG_WARN_UNREACHABLE_CODE = YES;
				CLANG_WARN__DUPLICATE_METHOD_MATCH = YES;
				CODE_SIGN_IDENTITY = "iPhone Developer";
				COPY_PHASE_STRIP = NO;
				DEBUG_INFORMATION_FORMAT = "dwarf-with-dsym";
				ENABLE_NS_ASSERTIONS = NO;
				ENABLE_STRICT_OBJC_MSGSEND = YES;
				GCC_C_LANGUAGE_STANDARD = gnu11;
				GCC_NO_COMMON_BLOCKS = YES;
				GCC_WARN_64_TO_32_BIT_CONVERSION = YES;
				GCC_WARN_ABOUT_RETURN_TYPE = YES_ERROR;
				GCC_WARN_UNDECLARED_SELECTOR = YES;
				GCC_WARN_UNINITIALIZED_AUTOS = YES_AGGRESSIVE;
				GCC_WARN_UNUSED_FUNCTION = YES;
				GCC_WARN_UNUSED_VARIABLE = YES;
				IPHONEOS_DEPLOYMENT_TARGET = 12.2;
				MTL_ENABLE_DEBUG_INFO = NO;
				MTL_FAST_MATH = YES;
				SDKROOT = iphoneos;
				SWIFT_COMPILATION_MODE = wholemodule;
				SWIFT_OPTIMIZATION_LEVEL = "-O";
				VALIDATE_PRODUCT = YES;
			};
			name = Release;
		};
		889EAF98231854E000A74D55 /* Debug */ = {
			isa = XCBuildConfiguration;
			buildSettings = {
				ASSETCATALOG_COMPILER_APPICON_NAME = AppIcon;
				CODE_SIGN_STYLE = Automatic;
				DEVELOPMENT_TEAM = M3R45325T7;
				INFOPLIST_FILE = SecretSwift/Info.plist;
				LD_RUNPATH_SEARCH_PATHS = (
					"$(inherited)",
					"@executable_path/Frameworks",
				);
				PRODUCT_BUNDLE_IDENTIFIER = com.mclapps.SecretSwift;
				PRODUCT_NAME = "$(TARGET_NAME)";
				SWIFT_VERSION = 5.0;
				TARGETED_DEVICE_FAMILY = "1,2";
			};
			name = Debug;
		};
		889EAF99231854E000A74D55 /* Release */ = {
			isa = XCBuildConfiguration;
			buildSettings = {
				ASSETCATALOG_COMPILER_APPICON_NAME = AppIcon;
				CODE_SIGN_STYLE = Automatic;
				DEVELOPMENT_TEAM = M3R45325T7;
				INFOPLIST_FILE = SecretSwift/Info.plist;
				LD_RUNPATH_SEARCH_PATHS = (
					"$(inherited)",
					"@executable_path/Frameworks",
				);
				PRODUCT_BUNDLE_IDENTIFIER = com.mclapps.SecretSwift;
				PRODUCT_NAME = "$(TARGET_NAME)";
				SWIFT_VERSION = 5.0;
				TARGETED_DEVICE_FAMILY = "1,2";
			};
			name = Release;
		};
/* End XCBuildConfiguration section */

/* Begin XCConfigurationList section */
		889EAF80231854DF00A74D55 /* Build configuration list for PBXProject "SecretSwift" */ = {
			isa = XCConfigurationList;
			buildConfigurations = (
				889EAF95231854E000A74D55 /* Debug */,
				889EAF96231854E000A74D55 /* Release */,
			);
			defaultConfigurationIsVisible = 0;
			defaultConfigurationName = Release;
		};
		889EAF97231854E000A74D55 /* Build configuration list for PBXNativeTarget "SecretSwift" */ = {
			isa = XCConfigurationList;
			buildConfigurations = (
				889EAF98231854E000A74D55 /* Debug */,
				889EAF99231854E000A74D55 /* Release */,
			);
			defaultConfigurationIsVisible = 0;
			defaultConfigurationName = Release;
		};
/* End XCConfigurationList section */
	};
	rootObject = 889EAF7D231854DF00A74D55 /* Project object */;
}
